# This file is autogenerated, do not edit; changes may be undone by the next 'dep ensure'.


[[projects]]
  digest = "1:bbadccf3d3317ea03c0dac0b45b673b4b397c8f91a1d2eff550a3c51c4ad770e"
  name = "github.com/gogo/protobuf"
  packages = ["proto"]
  pruneopts = "UT"
  revision = "636bf0302bc95575d69441b25a2603156ffdddf1"
  version = "v1.1.1"

[[projects]]
  branch = "master"
  digest = "1:6066a520e16843fd46bd4a40f4111a3ecfc9cf7b36704b137a70de3ece0eeb68"
  name = "github.com/thomersch/gosmparse"
  packages = [
    ".",
    "OSMPBF",
  ]
  pruneopts = "UT"
  revision = "81c340c900e94fc687dde436463f6bb8022a7c09"

[[projects]]
  branch = "master"
  digest = "1:2a9f7ca80c3035b7e68a927db100922d4a266a31cea2568d9a5185a90b469279"
  name = "github.com/umahmood/haversine"
  packages = ["."]
  pruneopts = "UT"
  revision = "808ab04add26660fd241ddb7973886c6dd6669e8"

[[projects]]
  digest = "1:342378ac4dcb378a5448dd723f0784ae519383532f5e70ade24132c4c8693202"
  name = "gopkg.in/yaml.v2"
  packages = ["."]
  pruneopts = "UT"
  revision = "5420a8b6744d3b0345ab293f6fcba19c978f1183"
  version = "v2.2.1"

[solve-meta]
  analyzer-name = "dep"
  analyzer-version = 1
  input-imports = [
    "github.com/thomersch/gosmparse",
    "github.com/umahmood/haversine",
    "gopkg.in/yaml.v2",
  ]
  solver-name = "gps-cdcl"
  solver-version = 1
